
Microsoft Visual Studio Solution File, Format Version 12.00
# Visual Studio Version 17
VisualStudioVersion = 17.10.34928.147
MinimumVisualStudioVersion = 10.0.40219.1
Project("{9A19103F-16F7-4668-BE54-9A1E7A4F7556}") = "BenchmarkDotNetTest", "BenchmarkDotNet\BenchmarkDotNetTest.csproj", "{D85C39D0-D39D-445C-86F4-13347A4052CB}"
EndProject
Global
	GlobalSection(SolutionConfigurationPlatforms) = preSolution
		Debug|Any CPU = Debug|Any CPU
		Release|Any CPU = Release|Any CPU
	EndGlobalSection
	GlobalSection(ProjectConfigurationPlatforms) = postSolution
		{D85C39D0-D39D-445C-86F4-13347A4052CB}.Debug|Any CPU.ActiveCfg = Debug|Any CPU
		{D85C39D0-D39D-445C-86F4-13347A4052CB}.Debug|Any CPU.Build.0 = Debug|Any CPU
		{D85C39D0-D39D-445C-86F4-13347A4052CB}.Release|Any CPU.ActiveCfg = Release|Any CPU
		{D85C39D0-D39D-445C-86F4-13347A4052CB}.Release|Any CPU.Build.0 = Release|Any CPU
	EndGlobalSection
	GlobalSection(SolutionProperties) = preSolution
		HideSolutionNode = FALSE
	EndGlobalSection
	GlobalSection(ExtensibilityGlobals) = postSolution
		SolutionGuid = {302B4B0C-1309-4E7A-9403-897AD0F21FAD}
	EndGlobalSection
EndGlobal
